
Microsoft Visual Studio Solution File, Format Version 12.00
# Visual Studio 15
VisualStudioVersion = 15.0.28307.106
MinimumVisualStudioVersion = 10.0.40219.1
Project("{9A19103F-16F7-4668-BE54-9A1E7A4F7556}") = "01.InitialSetup", "ConsoleApp1\01.InitialSetup.csproj", "{70E55C71-869F-4CDB-BD47-C3219EF45FAE}"
EndProject
Project("{FAE04EC0-301F-11D3-BF4B-00C04F79EFBC}") = "02.VillainNames", "02.VillainNames\02.VillainNames.csproj", "{483D00F2-992F-4149-883F-948A124CA09F}"
EndProject
Project("{FAE04EC0-301F-11D3-BF4B-00C04F79EFBC}") = "03.MinionNames", "03.MinionNames\03.MinionNames.csproj", "{C1282A48-DD0C-408B-A6F7-F6D29DD0D6AF}"
EndProject
Project("{FAE04EC0-301F-11D3-BF4B-00C04F79EFBC}") = "04.AddMinion", "04.AddMinion\04.AddMinion.csproj", "{32CA9B7C-4118-430A-BE13-EC3F41887A75}"
EndProject
Project("{FAE04EC0-301F-11D3-BF4B-00C04F79EFBC}") = "05.ChangeTownNameCasing", "05.ChangeTownNameCasing\05.ChangeTownNameCasing.csproj", "{C7D40A1A-1ED2-47F8-AE49-6302E2691374}"
EndProject
Project("{FAE04EC0-301F-11D3-BF4B-00C04F79EFBC}") = "Test", "Test\Test.csproj", "{5AF911B7-F1D5-44DA-90CC-4D26DA897FF4}"
EndProject
Project("{FAE04EC0-301F-11D3-BF4B-00C04F79EFBC}") = "07.PrintAllMinionNames", "07.PrintAllMinionNames\07.PrintAllMinionNames.csproj", "{A3FD5D45-28E2-4A4C-97C6-A6B37EE0A2AE}"
EndProject
Project("{FAE04EC0-301F-11D3-BF4B-00C04F79EFBC}") = "06.RemoveVillain", "06.RemoveVillain\06.RemoveVillain.csproj", "{E102B3D2-6843-43A7-B663-21C3FCC2027E}"
EndProject
Project("{FAE04EC0-301F-11D3-BF4B-00C04F79EFBC}") = "08.IncreaseMinionAge", "08.IncreaseMinionAge\08.IncreaseMinionAge.csproj", "{816AE3FB-D544-4D0A-9D74-A1B153231E2B}"
EndProject
Global
	GlobalSection(SolutionConfigurationPlatforms) = preSolution
		Debug|Any CPU = Debug|Any CPU
		Release|Any CPU = Release|Any CPU
	EndGlobalSection
	GlobalSection(ProjectConfigurationPlatforms) = postSolution
		{70E55C71-869F-4CDB-BD47-C3219EF45FAE}.Debug|Any CPU.ActiveCfg = Debug|Any CPU
		{70E55C71-869F-4CDB-BD47-C3219EF45FAE}.Debug|Any CPU.Build.0 = Debug|Any CPU
		{70E55C71-869F-4CDB-BD47-C3219EF45FAE}.Release|Any CPU.ActiveCfg = Release|Any CPU
		{70E55C71-869F-4CDB-BD47-C3219EF45FAE}.Release|Any CPU.Build.0 = Release|Any CPU
		{483D00F2-992F-4149-883F-948A124CA09F}.Debug|Any CPU.ActiveCfg = Debug|Any CPU
		{483D00F2-992F-4149-883F-948A124CA09F}.Debug|Any CPU.Build.0 = Debug|Any CPU
		{483D00F2-992F-4149-883F-948A124CA09F}.Release|Any CPU.ActiveCfg = Release|Any CPU
		{483D00F2-992F-4149-883F-948A124CA09F}.Release|Any CPU.Build.0 = Release|Any CPU
		{C1282A48-DD0C-408B-A6F7-F6D29DD0D6AF}.Debug|Any CPU.ActiveCfg = Debug|Any CPU
		{C1282A48-DD0C-408B-A6F7-F6D29DD0D6AF}.Debug|Any CPU.Build.0 = Debug|Any CPU
		{C1282A48-DD0C-408B-A6F7-F6D29DD0D6AF}.Release|Any CPU.ActiveCfg = Release|Any CPU
		{C1282A48-DD0C-408B-A6F7-F6D29DD0D6AF}.Release|Any CPU.Build.0 = Release|Any CPU
		{32CA9B7C-4118-430A-BE13-EC3F41887A75}.Debug|Any CPU.ActiveCfg = Debug|Any CPU
		{32CA9B7C-4118-430A-BE13-EC3F41887A75}.Debug|Any CPU.Build.0 = Debug|Any CPU
		{32CA9B7C-4118-430A-BE13-EC3F41887A75}.Release|Any CPU.ActiveCfg = Release|Any CPU
		{32CA9B7C-4118-430A-BE13-EC3F41887A75}.Release|Any CPU.Build.0 = Release|Any CPU
		{C7D40A1A-1ED2-47F8-AE49-6302E2691374}.Debug|Any CPU.ActiveCfg = Debug|Any CPU
		{C7D40A1A-1ED2-47F8-AE49-6302E2691374}.Debug|Any CPU.Build.0 = Debug|Any CPU
		{C7D40A1A-1ED2-47F8-AE49-6302E2691374}.Release|Any CPU.ActiveCfg = Release|Any CPU
		{C7D40A1A-1ED2-47F8-AE49-6302E2691374}.Release|Any CPU.Build.0 = Release|Any CPU
		{5AF911B7-F1D5-44DA-90CC-4D26DA897FF4}.Debug|Any CPU.ActiveCfg = Debug|Any CPU
		{5AF911B7-F1D5-44DA-90CC-4D26DA897FF4}.Debug|Any CPU.Build.0 = Debug|Any CPU
		{5AF911B7-F1D5-44DA-90CC-4D26DA897FF4}.Release|Any CPU.ActiveCfg = Release|Any CPU
		{5AF911B7-F1D5-44DA-90CC-4D26DA897FF4}.Release|Any CPU.Build.0 = Release|Any CPU
		{A3FD5D45-28E2-4A4C-97C6-A6B37EE0A2AE}.Debug|Any CPU.ActiveCfg = Debug|Any CPU
		{A3FD5D45-28E2-4A4C-97C6-A6B37EE0A2AE}.Debug|Any CPU.Build.0 = Debug|Any CPU
		{A3FD5D45-28E2-4A4C-97C6-A6B37EE0A2AE}.Release|Any CPU.ActiveCfg = Release|Any CPU
		{A3FD5D45-28E2-4A4C-97C6-A6B37EE0A2AE}.Release|Any CPU.Build.0 = Release|Any CPU
		{E102B3D2-6843-43A7-B663-21C3FCC2027E}.Debug|Any CPU.ActiveCfg = Debug|Any CPU
		{E102B3D2-6843-43A7-B663-21C3FCC2027E}.Debug|Any CPU.Build.0 = Debug|Any CPU
		{E102B3D2-6843-43A7-B663-21C3FCC2027E}.Release|Any CPU.ActiveCfg = Release|Any CPU
		{E102B3D2-6843-43A7-B663-21C3FCC2027E}.Release|Any CPU.Build.0 = Release|Any CPU
		{816AE3FB-D544-4D0A-9D74-A1B153231E2B}.Debug|Any CPU.ActiveCfg = Debug|Any CPU
		{816AE3FB-D544-4D0A-9D74-A1B153231E2B}.Debug|Any CPU.Build.0 = Debug|Any CPU
		{816AE3FB-D544-4D0A-9D74-A1B153231E2B}.Release|Any CPU.ActiveCfg = Release|Any CPU
		{816AE3FB-D544-4D0A-9D74-A1B153231E2B}.Release|Any CPU.Build.0 = Release|Any CPU
	EndGlobalSection
	GlobalSection(SolutionProperties) = preSolution
		HideSolutionNode = FALSE
	EndGlobalSection
	GlobalSection(ExtensibilityGlobals) = postSolution
		SolutionGuid = {4F44B6AC-D2C3-4562-89FE-E8B55A6DDFC5}
	EndGlobalSection
EndGlobal
